
Microsoft Visual Studio Solution File, Format Version 12.00
# Visual Studio Version 17
VisualStudioVersion = 17.9.34723.18
MinimumVisualStudioVersion = 10.0.40219.1
Project("{FAE04EC0-301F-11D3-BF4B-00C04F79EFBC}") = "Lecture_1_Notes", "Lecture_1_Notes\Lecture_1_Notes.csproj", "{7059170E-7F99-46FD-A635-2B72825912FA}"
EndProject
Global
	GlobalSection(SolutionConfigurationPlatforms) = preSolution
		Debug|Any CPU = Debug|Any CPU
		Release|Any CPU = Release|Any CPU
	EndGlobalSection
	GlobalSection(ProjectConfigurationPlatforms) = postSolution
		{7059170E-7F99-46FD-A635-2B72825912FA}.Debug|Any CPU.ActiveCfg = Debug|Any CPU
		{7059170E-7F99-46FD-A635-2B72825912FA}.Debug|Any CPU.Build.0 = Debug|Any CPU
		{7059170E-7F99-46FD-A635-2B72825912FA}.Release|Any CPU.ActiveCfg = Release|Any CPU
		{7059170E-7F99-46FD-A635-2B72825912FA}.Release|Any CPU.Build.0 = Release|Any CPU
	EndGlobalSection
	GlobalSection(SolutionProperties) = preSolution
		HideSolutionNode = FALSE
	EndGlobalSection
	GlobalSection(ExtensibilityGlobals) = postSolution
		SolutionGuid = {34E6F5A6-DDDC-4FAA-8663-5E6BE33D8FFF}
	EndGlobalSection
EndGlobal
